{
  "name": "estree-variable-scopes",
  "version": "1.0.1",
  "lockfileVersion": 2,
  "requires": true,
  "packages": {
    "": {
      "name": "estree-variable-scopes",
      "version": "1.0.0",
      "license": "MIT",
      "devDependencies": {
        "acorn": "^8.8.0",
        "estree-walker": "^3.0.1"
      }
    },
    "node_modules/acorn": {
      "version": "8.8.0",
      "resolved": "https://registry.npmjs.org/acorn/-/acorn-8.8.0.tgz",
      "integrity": "sha512-QOxyigPVrpZ2GXT+PFyZTl6TtOFc5egxHIP9IlQ+RbupQuX4RkT/Bee4/kQuC02Xkzg84JcT7oLYtDIQxp+v7w==",
      "dev": true,
      "bin": {
        "acorn": "bin/acorn"
      },
      "engines": {
        "node": ">=0.4.0"
      }
    },
    "node_modules/estree-walker": {
      "version": "3.0.1",
      "resolved": "https://registry.npmjs.org/estree-walker/-/estree-walker-3.0.1.tgz",
      "integrity": "sha512-woY0RUD87WzMBUiZLx8NsYr23N5BKsOMZHhu2hoNRVh6NXGfoiT1KOL8G3UHlJAnEDGmfa5ubNA/AacfG+Kb0g==",
      "dev": true
    }
  },
  "dependencies": {
    "acorn": {
      "version": "8.8.0",
      "resolved": "https://registry.npmjs.org/acorn/-/acorn-8.8.0.tgz",
      "integrity": "sha512-QOxyigPVrpZ2GXT+PFyZTl6TtOFc5egxHIP9IlQ+RbupQuX4RkT/Bee4/kQuC02Xkzg84JcT7oLYtDIQxp+v7w==",
      "dev": true
    },
    "estree-walker": {
      "version": "3.0.1",
      "resolved": "https://registry.npmjs.org/estree-walker/-/estree-walker-3.0.1.tgz",
      "integrity": "sha512-woY0RUD87WzMBUiZLx8NsYr23N5BKsOMZHhu2hoNRVh6NXGfoiT1KOL8G3UHlJAnEDGmfa5ubNA/AacfG+Kb0g==",
      "dev": true
    }
  }
}
